{
  "version": 4,
  "terraform_version": "1.9.8",
  "serial": 54,
  "lineage": "e0b1abc9-e1f5-5ad4-f4a8-dc5155ade7f7",
  "outputs": {
    "frontend_instance_id": {
      "value": "i-0590e6e1ae6584b1b",
      "type": "string"
    },
    "frontend_public_name": {
      "value": "http://Terraformgit.acranetech.online",
      "type": "string"
    }
  },
  "resources": [
    {
      "mode": "data",
      "type": "aws_route53_zone",
      "name": "my_domain",
      "provider": "provider[\"registry.terraform.io/hashicorp/aws\"]",
      "instances": [
        {
          "schema_version": 0,
          "attributes": {
            "arn": "arn:aws:route53:::hostedzone/Z04505781E6E2HA1L4ENL",
            "caller_reference": "6960bf1c-0aee-489a-abf4-ce664353b637",
            "comment": "migrated from hostinger - acranetech.online",
            "id": "Z04505781E6E2HA1L4ENL",
            "linked_service_description": null,
            "linked_service_principal": null,
            "name": "acranetech.online",
            "name_servers": [
              "ns-1471.awsdns-55.org",
              "ns-439.awsdns-54.com",
              "ns-2023.awsdns-60.co.uk",
              "ns-666.awsdns-19.net"
            ],
            "primary_name_server": "ns-1471.awsdns-55.org",
            "private_zone": false,
            "resource_record_set_count": 6,
            "tags": {},
            "vpc_id": null,
            "zone_id": "Z04505781E6E2HA1L4ENL"
          },
          "sensitive_attributes": []
        }
      ]
    },
    {
      "mode": "managed",
      "type": "aws_eip",
      "name": "frontend_eip",
      "provider": "provider[\"registry.terraform.io/hashicorp/aws\"]",
      "instances": [
        {
          "schema_version": 0,
          "attributes": {
            "address": null,
            "allocation_id": "eipalloc-01bb393bbd2be5be7",
            "arn": "arn:aws:ec2:ap-south-1:211125665932:elastic-ip/eipalloc-01bb393bbd2be5be7",
            "associate_with_private_ip": null,
            "association_id": "eipassoc-0857cbc59caf63cec",
            "carrier_ip": "",
            "customer_owned_ip": "",
            "customer_owned_ipv4_pool": "",
            "domain": "vpc",
            "id": "eipalloc-01bb393bbd2be5be7",
            "instance": "i-0590e6e1ae6584b1b",
            "ipam_pool_id": null,
            "network_border_group": "ap-south-1",
            "network_interface": "eni-01745b7cf98f96239",
            "private_dns": "ip-172-31-8-128.ap-south-1.compute.internal",
            "private_ip": "172.31.8.128",
            "ptr_record": "",
            "public_dns": "ec2-13-202-146-129.ap-south-1.compute.amazonaws.com",
            "public_ip": "13.202.146.129",
            "public_ipv4_pool": "amazon",
            "tags": {},
            "tags_all": {},
            "timeouts": null,
            "vpc": true
          },
          "sensitive_attributes": [],
          "private": "eyJlMmJmYjczMC1lY2FhLTExZTYtOGY4OC0zNDM2M2JjN2M0YzAiOnsiZGVsZXRlIjoxODAwMDAwMDAwMDAsInJlYWQiOjkwMDAwMDAwMDAwMCwidXBkYXRlIjozMDAwMDAwMDAwMDB9fQ==",
          "dependencies": [
            "aws_instance.frontend",
            "aws_key_pair.ssh_keypair",
            "aws_security_group.frontend"
          ]
        }
      ]
    },
    {
      "mode": "managed",
      "type": "aws_instance",
      "name": "frontend",
      "provider": "provider[\"registry.terraform.io/hashicorp/aws\"]",
      "instances": [
        {
          "schema_version": 1,
          "attributes": {
            "ami": "ami-078264b8ba71bc45e",
            "arn": "arn:aws:ec2:ap-south-1:211125665932:instance/i-0590e6e1ae6584b1b",
            "associate_public_ip_address": true,
            "availability_zone": "ap-south-1b",
            "capacity_reservation_specification": [
              {
                "capacity_reservation_preference": "open",
                "capacity_reservation_target": []
              }
            ],
            "cpu_core_count": 1,
            "cpu_options": [
              {
                "amd_sev_snp": "",
                "core_count": 1,
                "threads_per_core": 1
              }
            ],
            "cpu_threads_per_core": 1,
            "credit_specification": [
              {
                "cpu_credits": "standard"
              }
            ],
            "disable_api_stop": false,
            "disable_api_termination": false,
            "ebs_block_device": [],
            "ebs_optimized": false,
            "enclave_options": [
              {
                "enabled": false
              }
            ],
            "ephemeral_block_device": [],
            "get_password_data": false,
            "hibernation": false,
            "host_id": "",
            "host_resource_group_arn": null,
            "iam_instance_profile": "",
            "id": "i-0590e6e1ae6584b1b",
            "instance_initiated_shutdown_behavior": "stop",
            "instance_lifecycle": "",
            "instance_market_options": [],
            "instance_state": "running",
            "instance_type": "t2.micro",
            "ipv6_address_count": 0,
            "ipv6_addresses": [],
            "key_name": "zomato-production",
            "launch_template": [],
            "maintenance_options": [
              {
                "auto_recovery": "default"
              }
            ],
            "metadata_options": [
              {
                "http_endpoint": "enabled",
                "http_protocol_ipv6": "disabled",
                "http_put_response_hop_limit": 2,
                "http_tokens": "required",
                "instance_metadata_tags": "disabled"
              }
            ],
            "monitoring": false,
            "network_interface": [],
            "outpost_arn": "",
            "password_data": "",
            "placement_group": "",
            "placement_partition_number": 0,
            "primary_network_interface_id": "eni-01745b7cf98f96239",
            "private_dns": "ip-172-31-8-128.ap-south-1.compute.internal",
            "private_dns_name_options": [
              {
                "enable_resource_name_dns_a_record": false,
                "enable_resource_name_dns_aaaa_record": false,
                "hostname_type": "ip-name"
              }
            ],
            "private_ip": "172.31.8.128",
            "public_dns": "ec2-13-202-146-129.ap-south-1.compute.amazonaws.com",
            "public_ip": "13.202.146.129",
            "root_block_device": [
              {
                "delete_on_termination": true,
                "device_name": "/dev/xvda",
                "encrypted": false,
                "iops": 3000,
                "kms_key_id": "",
                "tags": {},
                "tags_all": {},
                "throughput": 125,
                "volume_id": "vol-0b51279a023b391ec",
                "volume_size": 8,
                "volume_type": "gp3"
              }
            ],
            "secondary_private_ips": [],
            "security_groups": [
              "zomato-production-frontend"
            ],
            "source_dest_check": true,
            "spot_instance_request_id": "",
            "subnet_id": "subnet-0faf9c3306f7994b5",
            "tags": {
              "Name": "zomato-production-frontend"
            },
            "tags_all": {
              "Name": "zomato-production-frontend"
            },
            "tenancy": "default",
            "timeouts": null,
            "user_data": "e1ed0d06ea9938584d545788b4e63adf8079bc79",
            "user_data_base64": null,
            "user_data_replace_on_change": false,
            "volume_tags": null,
            "vpc_security_group_ids": [
              "sg-0c1b8d61e45c06b0f"
            ]
          },
          "sensitive_attributes": [],
          "private": "eyJlMmJmYjczMC1lY2FhLTExZTYtOGY4OC0zNDM2M2JjN2M0YzAiOnsiY3JlYXRlIjo2MDAwMDAwMDAwMDAsImRlbGV0ZSI6MTIwMDAwMDAwMDAwMCwicmVhZCI6OTAwMDAwMDAwMDAwLCJ1cGRhdGUiOjYwMDAwMDAwMDAwMH0sInNjaGVtYV92ZXJzaW9uIjoiMSJ9",
          "dependencies": [
            "aws_key_pair.ssh_keypair",
            "aws_security_group.frontend"
          ],
          "create_before_destroy": true
        }
      ]
    },
    {
      "mode": "managed",
      "type": "aws_key_pair",
      "name": "ssh_keypair",
      "provider": "provider[\"registry.terraform.io/hashicorp/aws\"]",
      "instances": [
        {
          "schema_version": 1,
          "attributes": {
            "arn": "arn:aws:ec2:ap-south-1:211125665932:key-pair/zomato-production",
            "fingerprint": "de:46:f1:c9:5f:d1:dc:51:2d:01:56:6c:c1:a9:f2:74",
            "id": "zomato-production",
            "key_name": "zomato-production",
            "key_name_prefix": "",
            "key_pair_id": "key-0a52c4e70744e1bc8",
            "key_type": "rsa",
            "public_key": "ssh-rsa AAAAB3NzaC1yc2EAAAADAQABAAABgQDXPKeOb8RyunY/oiiHAQYHZbtmSKXOpMHI+PHcC4HY5PVuuoaNb7fnO3EFFncqevdXw/RuPV8GAoPpQWdVZe3b2PwE5uf0p59t23J6FguZfTIFrdunRYWUVa/fAtvKCxvul39k4hFRfHBeBneuG9aelv8YLuXExJOrXXZkcY+gNOzMeiWeln9uZTLwYIecg1y74LtCJae2yVwmTgqBUxrADn+o1Dzd49a8oj9UMExX2IImq8KsMkHgzhyCj4Pad28vqiq0B8YZEigEFy5a661VnQpgPH+mo7s6CISRAp+tC/fYdHihxRZdqJpQeKpgmqckGGlqklkxSO7KS49tV2YGta43Kl0Q+VRHSHInfX3O7HI3HH7te7euqwQUMQDCcWBKC8wZPalX1rVl25X36vxl9+xg1xQz30lo94AEi7DelVGUgNWIYYacjX+Ai2WjMO11p+4oPqVll6kuhEwi3JRKIbSFVff6yDSGiRdG//QlRbw/VcGA5BJaGYbhW8NJF0s= ec2-user@ip-172-31-39-100.ap-south-1.compute.internal",
            "tags": {
              "Name": "zomato-production"
            },
            "tags_all": {
              "Environment": "production",
              "Name": "zomato-production",
              "Owner": "Akhin",
              "Project": "zomato"
            }
          },
          "sensitive_attributes": [],
          "private": "eyJzY2hlbWFfdmVyc2lvbiI6IjEifQ==",
          "create_before_destroy": true
        }
      ]
    },
    {
      "mode": "managed",
      "type": "aws_route53_record",
      "name": "frontend",
      "provider": "provider[\"registry.terraform.io/hashicorp/aws\"]",
      "instances": [
        {
          "schema_version": 2,
          "attributes": {
            "alias": [],
            "allow_overwrite": null,
            "cidr_routing_policy": [],
            "failover_routing_policy": [],
            "fqdn": "terraformgit.acranetech.online",
            "geolocation_routing_policy": [],
            "geoproximity_routing_policy": [],
            "health_check_id": "",
            "id": "Z04505781E6E2HA1L4ENL_terraformgit.acranetech.online_A",
            "latency_routing_policy": [],
            "multivalue_answer_routing_policy": false,
            "name": "terraformgit.acranetech.online",
            "records": [
              "13.202.146.129"
            ],
            "set_identifier": "",
            "ttl": 300,
            "type": "A",
            "weighted_routing_policy": [],
            "zone_id": "Z04505781E6E2HA1L4ENL"
          },
          "sensitive_attributes": [],
          "private": "eyJzY2hlbWFfdmVyc2lvbiI6IjIifQ==",
          "dependencies": [
            "aws_eip.frontend_eip",
            "aws_instance.frontend",
            "aws_key_pair.ssh_keypair",
            "aws_security_group.frontend",
            "data.aws_route53_zone.my_domain"
          ]
        }
      ]
    },
    {
      "mode": "managed",
      "type": "aws_security_group",
      "name": "frontend",
      "provider": "provider[\"registry.terraform.io/hashicorp/aws\"]",
      "instances": [
        {
          "schema_version": 1,
          "attributes": {
            "arn": "arn:aws:ec2:ap-south-1:211125665932:security-group/sg-0c1b8d61e45c06b0f",
            "description": "zomato-production-frontend",
            "egress": [
              {
                "cidr_blocks": [
                  "0.0.0.0/0"
                ],
                "description": "",
                "from_port": 0,
                "ipv6_cidr_blocks": [
                  "::/0"
                ],
                "prefix_list_ids": [],
                "protocol": "-1",
                "security_groups": [],
                "self": false,
                "to_port": 0
              }
            ],
            "id": "sg-0c1b8d61e45c06b0f",
            "ingress": [
              {
                "cidr_blocks": [
                  "0.0.0.0/0"
                ],
                "description": "",
                "from_port": 22,
                "ipv6_cidr_blocks": [
                  "::/0"
                ],
                "prefix_list_ids": [],
                "protocol": "tcp",
                "security_groups": [],
                "self": false,
                "to_port": 22
              },
              {
                "cidr_blocks": [
                  "0.0.0.0/0"
                ],
                "description": "",
                "from_port": 443,
                "ipv6_cidr_blocks": [
                  "::/0"
                ],
                "prefix_list_ids": [],
                "protocol": "tcp",
                "security_groups": [],
                "self": false,
                "to_port": 443
              },
              {
                "cidr_blocks": [
                  "0.0.0.0/0"
                ],
                "description": "",
                "from_port": 80,
                "ipv6_cidr_blocks": [
                  "::/0"
                ],
                "prefix_list_ids": [],
                "protocol": "tcp",
                "security_groups": [],
                "self": false,
                "to_port": 80
              }
            ],
            "name": "zomato-production-frontend",
            "name_prefix": "",
            "owner_id": "211125665932",
            "revoke_rules_on_delete": false,
            "tags": {
              "Name": "zomato-production-frontend"
            },
            "tags_all": {
              "Environment": "production",
              "Name": "zomato-production-frontend",
              "Owner": "Akhin",
              "Project": "zomato"
            },
            "timeouts": null,
            "vpc_id": "vpc-0a5464d851177b143"
          },
          "sensitive_attributes": [],
          "private": "eyJlMmJmYjczMC1lY2FhLTExZTYtOGY4OC0zNDM2M2JjN2M0YzAiOnsiY3JlYXRlIjo2MDAwMDAwMDAwMDAsImRlbGV0ZSI6OTAwMDAwMDAwMDAwfSwic2NoZW1hX3ZlcnNpb24iOiIxIn0=",
          "create_before_destroy": true
        }
      ]
    },
    {
      "mode": "managed",
      "type": "aws_security_group_rule",
      "name": "frontend_ingress_rule",
      "provider": "provider[\"registry.terraform.io/hashicorp/aws\"]",
      "instances": [
        {
          "index_key": "22",
          "schema_version": 2,
          "attributes": {
            "cidr_blocks": [
              "0.0.0.0/0"
            ],
            "description": null,
            "from_port": 22,
            "id": "sgrule-626131537",
            "ipv6_cidr_blocks": [
              "::/0"
            ],
            "prefix_list_ids": null,
            "protocol": "tcp",
            "security_group_id": "sg-0c1b8d61e45c06b0f",
            "security_group_rule_id": "",
            "self": false,
            "source_security_group_id": null,
            "timeouts": null,
            "to_port": 22,
            "type": "ingress"
          },
          "sensitive_attributes": [],
          "private": "eyJlMmJmYjczMC1lY2FhLTExZTYtOGY4OC0zNDM2M2JjN2M0YzAiOnsiY3JlYXRlIjozMDAwMDAwMDAwMDB9LCJzY2hlbWFfdmVyc2lvbiI6IjIifQ==",
          "dependencies": [
            "aws_security_group.frontend"
          ]
        },
        {
          "index_key": "443",
          "schema_version": 2,
          "attributes": {
            "cidr_blocks": [
              "0.0.0.0/0"
            ],
            "description": null,
            "from_port": 443,
            "id": "sgrule-3237255014",
            "ipv6_cidr_blocks": [
              "::/0"
            ],
            "prefix_list_ids": null,
            "protocol": "tcp",
            "security_group_id": "sg-0c1b8d61e45c06b0f",
            "security_group_rule_id": "",
            "self": false,
            "source_security_group_id": null,
            "timeouts": null,
            "to_port": 443,
            "type": "ingress"
          },
          "sensitive_attributes": [],
          "private": "eyJlMmJmYjczMC1lY2FhLTExZTYtOGY4OC0zNDM2M2JjN2M0YzAiOnsiY3JlYXRlIjozMDAwMDAwMDAwMDB9LCJzY2hlbWFfdmVyc2lvbiI6IjIifQ==",
          "dependencies": [
            "aws_security_group.frontend"
          ]
        },
        {
          "index_key": "80",
          "schema_version": 2,
          "attributes": {
            "cidr_blocks": [
              "0.0.0.0/0"
            ],
            "description": null,
            "from_port": 80,
            "id": "sgrule-2586821922",
            "ipv6_cidr_blocks": [
              "::/0"
            ],
            "prefix_list_ids": null,
            "protocol": "tcp",
            "security_group_id": "sg-0c1b8d61e45c06b0f",
            "security_group_rule_id": "",
            "self": false,
            "source_security_group_id": null,
            "timeouts": null,
            "to_port": 80,
            "type": "ingress"
          },
          "sensitive_attributes": [],
          "private": "eyJlMmJmYjczMC1lY2FhLTExZTYtOGY4OC0zNDM2M2JjN2M0YzAiOnsiY3JlYXRlIjozMDAwMDAwMDAwMDB9LCJzY2hlbWFfdmVyc2lvbiI6IjIifQ==",
          "dependencies": [
            "aws_security_group.frontend"
          ]
        }
      ]
    }
  ],
  "check_results": null
}
